
Microsoft Visual Studio Solution File, Format Version 12.00
# Visual Studio Version 16
VisualStudioVersion = 16.0.30011.22
MinimumVisualStudioVersion = 10.0.40219.1
Project("{FAE04EC0-301F-11D3-BF4B-00C04F79EFBC}") = "AutoPauseStealth", "AutoPauseStealth\AutoPauseStealth.csproj", "{270B054F-3959-46FA-A47E-F8217432EC0F}"
EndProject
Global
	GlobalSection(SolutionConfigurationPlatforms) = preSolution
		Debug|Any CPU = Debug|Any CPU
		Release|Any CPU = Release|Any CPU
	EndGlobalSection
	GlobalSection(ProjectConfigurationPlatforms) = postSolution
		{270B054F-3959-46FA-A47E-F8217432EC0F}.Debug|Any CPU.ActiveCfg = Debug|Any CPU
		{270B054F-3959-46FA-A47E-F8217432EC0F}.Debug|Any CPU.Build.0 = Debug|Any CPU
		{270B054F-3959-46FA-A47E-F8217432EC0F}.Release|Any CPU.ActiveCfg = Release|Any CPU
		{270B054F-3959-46FA-A47E-F8217432EC0F}.Release|Any CPU.Build.0 = Release|Any CPU
	EndGlobalSection
	GlobalSection(SolutionProperties) = preSolution
		HideSolutionNode = FALSE
	EndGlobalSection
	GlobalSection(ExtensibilityGlobals) = postSolution
		SolutionGuid = {D35C0C02-177C-48D9-8E67-264A30294950}
	EndGlobalSection
EndGlobal
